// !$*UTF8*$!
{
	archiveVersion = 1;
	classes = {
	};
	objectVersion = 56;
	objects = {

/* Begin PBXBuildFile section */
		8F636E872B1DB05000EA3FEF /* NetworkManager.swift in Sources */ = {isa = PBXBuildFile; fileRef = 8F636E862B1DB05000EA3FEF /* NetworkManager.swift */; };
		8FB6DBDF2B126E6A007C3943 /* ThoughtBankApp.swift in Sources */ = {isa = PBXBuildFile; fileRef = 8FB6DBDE2B126E6A007C3943 /* ThoughtBankApp.swift */; };
		8FB6DBE12B126E6A007C3943 /* HomeView.swift in Sources */ = {isa = PBXBuildFile; fileRef = 8FB6DBE02B126E6A007C3943 /* HomeView.swift */; };
		8FB6DBE32B126E6B007C3943 /* Assets.xcassets in Resources */ = {isa = PBXBuildFile; fileRef = 8FB6DBE22B126E6B007C3943 /* Assets.xcassets */; };
		8FB6DBE62B126E6B007C3943 /* Preview Assets.xcassets in Resources */ = {isa = PBXBuildFile; fileRef = 8FB6DBE52B126E6B007C3943 /* Preview Assets.xcassets */; };
		8FB6DBED2B12878F007C3943 /* MainTitleView.swift in Sources */ = {isa = PBXBuildFile; fileRef = 8FB6DBEC2B12878F007C3943 /* MainTitleView.swift */; };
		8FB6DBEF2B128812007C3943 /* ThoughtsListView.swift in Sources */ = {isa = PBXBuildFile; fileRef = 8FB6DBEE2B128812007C3943 /* ThoughtsListView.swift */; };
		8FB6DBF12B1289C4007C3943 /* Thought.swift in Sources */ = {isa = PBXBuildFile; fileRef = 8FB6DBF02B1289C4007C3943 /* Thought.swift */; };
		8FB6DBF32B128BE9007C3943 /* ThoughtView.swift in Sources */ = {isa = PBXBuildFile; fileRef = 8FB6DBF22B128BE9007C3943 /* ThoughtView.swift */; };
		8FE8752C2B165C5300FBF31E /* ThoughtsListViewModel.swift in Sources */ = {isa = PBXBuildFile; fileRef = 8FE8752B2B165C5300FBF31E /* ThoughtsListViewModel.swift */; };
		8FE875322B19CEE400FBF31E /* CreateThoughtFormView.swift in Sources */ = {isa = PBXBuildFile; fileRef = 8FE875312B19CEE400FBF31E /* CreateThoughtFormView.swift */; };
		8FE875372B1C61D900FBF31E /* Algorithms in Frameworks */ = {isa = PBXBuildFile; productRef = 8FE875362B1C61D900FBF31E /* Algorithms */; };
		8FE8755C2B1CF91D00FBF31E /* MenuView.swift in Sources */ = {isa = PBXBuildFile; fileRef = 8FE8755B2B1CF91D00FBF31E /* MenuView.swift */; };
		8FE875602B1DA8B300FBF31E /* MenuItem.swift in Sources */ = {isa = PBXBuildFile; fileRef = 8FE8755F2B1DA8B300FBF31E /* MenuItem.swift */; };
		8FF6175A2B222C4800B349E6 /* enum.swift in Sources */ = {isa = PBXBuildFile; fileRef = 8FF617592B222C4800B349E6 /* enum.swift */; };
		8FF6175C2B25ECEC00B349E6 /* DeleteThoughtView.swift in Sources */ = {isa = PBXBuildFile; fileRef = 8FF6175B2B25ECEC00B349E6 /* DeleteThoughtView.swift */; };
		8FF6175E2B28C67B00B349E6 /* HomeIntroView.swift in Sources */ = {isa = PBXBuildFile; fileRef = 8FF6175D2B28C67A00B349E6 /* HomeIntroView.swift */; };
		8FF617602B28C7DA00B349E6 /* AccountView.swift in Sources */ = {isa = PBXBuildFile; fileRef = 8FF6175F2B28C7DA00B349E6 /* AccountView.swift */; };
		8FF617812B2DD24400B349E6 /* DetailThoughtView.swift in Sources */ = {isa = PBXBuildFile; fileRef = 8FF617802B2DD24400B349E6 /* DetailThoughtView.swift */; };
/* End PBXBuildFile section */

/* Begin PBXFileReference section */
		8F636E862B1DB05000EA3FEF /* NetworkManager.swift */ = {isa = PBXFileReference; lastKnownFileType = sourcecode.swift; path = NetworkManager.swift; sourceTree = "<group>"; };
		8FB6DBDB2B126E6A007C3943 /* ThoughtBank.app */ = {isa = PBXFileReference; explicitFileType = wrapper.application; includeInIndex = 0; path = ThoughtBank.app; sourceTree = BUILT_PRODUCTS_DIR; };
		8FB6DBDE2B126E6A007C3943 /* ThoughtBankApp.swift */ = {isa = PBXFileReference; lastKnownFileType = sourcecode.swift; path = ThoughtBankApp.swift; sourceTree = "<group>"; };
		8FB6DBE02B126E6A007C3943 /* HomeView.swift */ = {isa = PBXFileReference; lastKnownFileType = sourcecode.swift; path = HomeView.swift; sourceTree = "<group>"; };
		8FB6DBE22B126E6B007C3943 /* Assets.xcassets */ = {isa = PBXFileReference; lastKnownFileType = folder.assetcatalog; path = Assets.xcassets; sourceTree = "<group>"; };
		8FB6DBE52B126E6B007C3943 /* Preview Assets.xcassets */ = {isa = PBXFileReference; lastKnownFileType = folder.assetcatalog; path = "Preview Assets.xcassets"; sourceTree = "<group>"; };
		8FB6DBEC2B12878F007C3943 /* MainTitleView.swift */ = {isa = PBXFileReference; lastKnownFileType = sourcecode.swift; path = MainTitleView.swift; sourceTree = "<group>"; };
		8FB6DBEE2B128812007C3943 /* ThoughtsListView.swift */ = {isa = PBXFileReference; lastKnownFileType = sourcecode.swift; path = ThoughtsListView.swift; sourceTree = "<group>"; };
		8FB6DBF02B1289C4007C3943 /* Thought.swift */ = {isa = PBXFileReference; lastKnownFileType = sourcecode.swift; path = Thought.swift; sourceTree = "<group>"; };
		8FB6DBF22B128BE9007C3943 /* ThoughtView.swift */ = {isa = PBXFileReference; lastKnownFileType = sourcecode.swift; path = ThoughtView.swift; sourceTree = "<group>"; };
		8FE8752B2B165C5300FBF31E /* ThoughtsListViewModel.swift */ = {isa = PBXFileReference; lastKnownFileType = sourcecode.swift; path = ThoughtsListViewModel.swift; sourceTree = "<group>"; };
		8FE875312B19CEE400FBF31E /* CreateThoughtFormView.swift */ = {isa = PBXFileReference; lastKnownFileType = sourcecode.swift; path = CreateThoughtFormView.swift; sourceTree = "<group>"; };
		8FE8755B2B1CF91D00FBF31E /* MenuView.swift */ = {isa = PBXFileReference; lastKnownFileType = sourcecode.swift; path = MenuView.swift; sourceTree = "<group>"; };
		8FE8755F2B1DA8B300FBF31E /* MenuItem.swift */ = {isa = PBXFileReference; lastKnownFileType = sourcecode.swift; path = MenuItem.swift; sourceTree = "<group>"; };
		8FF617592B222C4800B349E6 /* enum.swift */ = {isa = PBXFileReference; lastKnownFileType = sourcecode.swift; path = enum.swift; sourceTree = "<group>"; };
		8FF6175B2B25ECEC00B349E6 /* DeleteThoughtView.swift */ = {isa = PBXFileReference; lastKnownFileType = sourcecode.swift; path = DeleteThoughtView.swift; sourceTree = "<group>"; };
		8FF6175D2B28C67A00B349E6 /* HomeIntroView.swift */ = {isa = PBXFileReference; lastKnownFileType = sourcecode.swift; path = HomeIntroView.swift; sourceTree = "<group>"; };
		8FF6175F2B28C7DA00B349E6 /* AccountView.swift */ = {isa = PBXFileReference; lastKnownFileType = sourcecode.swift; path = AccountView.swift; sourceTree = "<group>"; };
		8FF617802B2DD24400B349E6 /* DetailThoughtView.swift */ = {isa = PBXFileReference; lastKnownFileType = sourcecode.swift; path = DetailThoughtView.swift; sourceTree = "<group>"; };
/* End PBXFileReference section */

/* Begin PBXFrameworksBuildPhase section */
		8FB6DBD82B126E6A007C3943 /* Frameworks */ = {
			isa = PBXFrameworksBuildPhase;
			buildActionMask = 2147483647;
			files = (
				8FE875372B1C61D900FBF31E /* Algorithms in Frameworks */,
			);
			runOnlyForDeploymentPostprocessing = 0;
		};
/* End PBXFrameworksBuildPhase section */

/* Begin PBXGroup section */
		8F636E842B1DAF8500EA3FEF /* Networking */ = {
			isa = PBXGroup;
			children = (
				8F636E862B1DB05000EA3FEF /* NetworkManager.swift */,
			);
			path = Networking;
			sourceTree = "<group>";
		};
		8FB6DBD22B126E6A007C3943 = {
			isa = PBXGroup;
			children = (
				8FB6DBDD2B126E6A007C3943 /* ThoughtBank */,
				8FB6DBDC2B126E6A007C3943 /* Products */,
			);
			sourceTree = "<group>";
		};
		8FB6DBDC2B126E6A007C3943 /* Products */ = {
			isa = PBXGroup;
			children = (
				8FB6DBDB2B126E6A007C3943 /* ThoughtBank.app */,
			);
			name = Products;
			sourceTree = "<group>";
		};
		8FB6DBDD2B126E6A007C3943 /* ThoughtBank */ = {
			isa = PBXGroup;
			children = (
				8FF617582B222C2B00B349E6 /* types */,
				8F636E842B1DAF8500EA3FEF /* Networking */,
				8FE8752A2B165BCF00FBF31E /* Views */,
				8FE875292B165BC700FBF31E /* ViewModel */,
				8FE875282B165BBC00FBF31E /* Models */,
				8FB6DBDE2B126E6A007C3943 /* ThoughtBankApp.swift */,
				8FB6DBE22B126E6B007C3943 /* Assets.xcassets */,
				8FB6DBE42B126E6B007C3943 /* Preview Content */,
			);
			path = ThoughtBank;
			sourceTree = "<group>";
		};
		8FB6DBE42B126E6B007C3943 /* Preview Content */ = {
			isa = PBXGroup;
			children = (
				8FB6DBE52B126E6B007C3943 /* Preview Assets.xcassets */,
			);
			path = "Preview Content";
			sourceTree = "<group>";
		};
		8FE875282B165BBC00FBF31E /* Models */ = {
			isa = PBXGroup;
			children = (
				8FB6DBF02B1289C4007C3943 /* Thought.swift */,
			);
			path = Models;
			sourceTree = "<group>";
		};
		8FE875292B165BC700FBF31E /* ViewModel */ = {
			isa = PBXGroup;
			children = (
				8FE8752B2B165C5300FBF31E /* ThoughtsListViewModel.swift */,
			);
			path = ViewModel;
			sourceTree = "<group>";
		};
		8FE8752A2B165BCF00FBF31E /* Views */ = {
			isa = PBXGroup;
			children = (
				8FE8755D2B1DA89F00FBF31E /* Menu */,
				8FB6DBEC2B12878F007C3943 /* MainTitleView.swift */,
				8FB6DBF22B128BE9007C3943 /* ThoughtView.swift */,
				8FF6175D2B28C67A00B349E6 /* HomeIntroView.swift */,
				8FF6175F2B28C7DA00B349E6 /* AccountView.swift */,
				8FB6DBEE2B128812007C3943 /* ThoughtsListView.swift */,
				8FB6DBE02B126E6A007C3943 /* HomeView.swift */,
				8FE875312B19CEE400FBF31E /* CreateThoughtFormView.swift */,
				8FF6175B2B25ECEC00B349E6 /* DeleteThoughtView.swift */,
				8FF617802B2DD24400B349E6 /* DetailThoughtView.swift */,
			);
			path = Views;
			sourceTree = "<group>";
		};
		8FE8755D2B1DA89F00FBF31E /* Menu */ = {
			isa = PBXGroup;
			children = (
				8FE8755B2B1CF91D00FBF31E /* MenuView.swift */,
				8FE8755F2B1DA8B300FBF31E /* MenuItem.swift */,
			);
			path = Menu;
			sourceTree = "<group>";
		};
		8FF617582B222C2B00B349E6 /* types */ = {
			isa = PBXGroup;
			children = (
				8FF617592B222C4800B349E6 /* enum.swift */,
			);
			path = types;
			sourceTree = "<group>";
		};
/* End PBXGroup section */

/* Begin PBXNativeTarget section */
		8FB6DBDA2B126E6A007C3943 /* ThoughtBank */ = {
			isa = PBXNativeTarget;
			buildConfigurationList = 8FB6DBE92B126E6B007C3943 /* Build configuration list for PBXNativeTarget "ThoughtBank" */;
			buildPhases = (
				8FB6DBD72B126E6A007C3943 /* Sources */,
				8FB6DBD82B126E6A007C3943 /* Frameworks */,
				8FB6DBD92B126E6A007C3943 /* Resources */,
			);
			buildRules = (
			);
			dependencies = (
			);
			name = ThoughtBank;
			packageProductDependencies = (
				8FE875362B1C61D900FBF31E /* Algorithms */,
			);
			productName = ThoughtBank;
			productReference = 8FB6DBDB2B126E6A007C3943 /* ThoughtBank.app */;
			productType = "com.apple.product-type.application";
		};
/* End PBXNativeTarget section */

/* Begin PBXProject section */
		8FB6DBD32B126E6A007C3943 /* Project object */ = {
			isa = PBXProject;
			attributes = {
				BuildIndependentTargetsInParallel = 1;
				LastSwiftUpdateCheck = 1500;
				LastUpgradeCheck = 1500;
				TargetAttributes = {
					8FB6DBDA2B126E6A007C3943 = {
						CreatedOnToolsVersion = 15.0;
					};
				};
			};
			buildConfigurationList = 8FB6DBD62B126E6A007C3943 /* Build configuration list for PBXProject "ThoughtBank" */;
			compatibilityVersion = "Xcode 14.0";
			developmentRegion = en;
			hasScannedForEncodings = 0;
			knownRegions = (
				en,
				Base,
			);
			mainGroup = 8FB6DBD22B126E6A007C3943;
			packageReferences = (
				8FE875352B1C61D900FBF31E /* XCRemoteSwiftPackageReference "swift-algorithms" */,
			);
			productRefGroup = 8FB6DBDC2B126E6A007C3943 /* Products */;
			projectDirPath = "";
			projectRoot = "";
			targets = (
				8FB6DBDA2B126E6A007C3943 /* ThoughtBank */,
			);
		};
/* End PBXProject section */

/* Begin PBXResourcesBuildPhase section */
		8FB6DBD92B126E6A007C3943 /* Resources */ = {
			isa = PBXResourcesBuildPhase;
			buildActionMask = 2147483647;
			files = (
				8FB6DBE62B126E6B007C3943 /* Preview Assets.xcassets in Resources */,
				8FB6DBE32B126E6B007C3943 /* Assets.xcassets in Resources */,
			);
			runOnlyForDeploymentPostprocessing = 0;
		};
/* End PBXResourcesBuildPhase section */

/* Begin PBXSourcesBuildPhase section */
		8FB6DBD72B126E6A007C3943 /* Sources */ = {
			isa = PBXSourcesBuildPhase;
			buildActionMask = 2147483647;
			files = (
				8FE8752C2B165C5300FBF31E /* ThoughtsListViewModel.swift in Sources */,
				8FB6DBED2B12878F007C3943 /* MainTitleView.swift in Sources */,
				8FF6175C2B25ECEC00B349E6 /* DeleteThoughtView.swift in Sources */,
				8FF617812B2DD24400B349E6 /* DetailThoughtView.swift in Sources */,
				8FF6175A2B222C4800B349E6 /* enum.swift in Sources */,
				8FB6DBF12B1289C4007C3943 /* Thought.swift in Sources */,
				8FB6DBF32B128BE9007C3943 /* ThoughtView.swift in Sources */,
				8F636E872B1DB05000EA3FEF /* NetworkManager.swift in Sources */,
				8FE8755C2B1CF91D00FBF31E /* MenuView.swift in Sources */,
				8FF6175E2B28C67B00B349E6 /* HomeIntroView.swift in Sources */,
				8FF617602B28C7DA00B349E6 /* AccountView.swift in Sources */,
				8FE875322B19CEE400FBF31E /* CreateThoughtFormView.swift in Sources */,
				8FB6DBE12B126E6A007C3943 /* HomeView.swift in Sources */,
				8FB6DBEF2B128812007C3943 /* ThoughtsListView.swift in Sources */,
				8FB6DBDF2B126E6A007C3943 /* ThoughtBankApp.swift in Sources */,
				8FE875602B1DA8B300FBF31E /* MenuItem.swift in Sources */,
			);
			runOnlyForDeploymentPostprocessing = 0;
		};
/* End PBXSourcesBuildPhase section */

/* Begin XCBuildConfiguration section */
		8FB6DBE72B126E6B007C3943 /* Debug */ = {
			isa = XCBuildConfiguration;
			buildSettings = {
				ALWAYS_SEARCH_USER_PATHS = NO;
				ASSETCATALOG_COMPILER_GENERATE_SWIFT_ASSET_SYMBOL_EXTENSIONS = YES;
				CLANG_ANALYZER_NONNULL = YES;
				CLANG_ANALYZER_NUMBER_OBJECT_CONVERSION = YES_AGGRESSIVE;
				CLANG_CXX_LANGUAGE_STANDARD = "gnu++20";
				CLANG_ENABLE_MODULES = YES;
				CLANG_ENABLE_OBJC_ARC = YES;
				CLANG_ENABLE_OBJC_WEAK = YES;
				CLANG_WARN_BLOCK_CAPTURE_AUTORELEASING = YES;
				CLANG_WARN_BOOL_CONVERSION = YES;
				CLANG_WARN_COMMA = YES;
				CLANG_WARN_CONSTANT_CONVERSION = YES;
				CLANG_WARN_DEPRECATED_OBJC_IMPLEMENTATIONS = YES;
				CLANG_WARN_DIRECT_OBJC_ISA_USAGE = YES_ERROR;
				CLANG_WARN_DOCUMENTATION_COMMENTS = YES;
				CLANG_WARN_EMPTY_BODY = YES;
				CLANG_WARN_ENUM_CONVERSION = YES;
				CLANG_WARN_INFINITE_RECURSION = YES;
				CLANG_WARN_INT_CONVERSION = YES;
				CLANG_WARN_NON_LITERAL_NULL_CONVERSION = YES;
				CLANG_WARN_OBJC_IMPLICIT_RETAIN_SELF = YES;
				CLANG_WARN_OBJC_LITERAL_CONVERSION = YES;
				CLANG_WARN_OBJC_ROOT_CLASS = YES_ERROR;
				CLANG_WARN_QUOTED_INCLUDE_IN_FRAMEWORK_HEADER = YES;
				CLANG_WARN_RANGE_LOOP_ANALYSIS = YES;
				CLANG_WARN_STRICT_PROTOTYPES = YES;
				CLANG_WARN_SUSPICIOUS_MOVE = YES;
				CLANG_WARN_UNGUARDED_AVAILABILITY = YES_AGGRESSIVE;
				CLANG_WARN_UNREACHABLE_CODE = YES;
				CLANG_WARN__DUPLICATE_METHOD_MATCH = YES;
				COPY_PHASE_STRIP = NO;
				DEBUG_INFORMATION_FORMAT = dwarf;
				ENABLE_STRICT_OBJC_MSGSEND = YES;
				ENABLE_TESTABILITY = YES;
				ENABLE_USER_SCRIPT_SANDBOXING = YES;
				GCC_C_LANGUAGE_STANDARD = gnu17;
				GCC_DYNAMIC_NO_PIC = NO;
				GCC_NO_COMMON_BLOCKS = YES;
				GCC_OPTIMIZATION_LEVEL = 0;
				GCC_PREPROCESSOR_DEFINITIONS = (
					"DEBUG=1",
					"$(inherited)",
				);
				GCC_WARN_64_TO_32_BIT_CONVERSION = YES;
				GCC_WARN_ABOUT_RETURN_TYPE = YES_ERROR;
				GCC_WARN_UNDECLARED_SELECTOR = YES;
				GCC_WARN_UNINITIALIZED_AUTOS = YES_AGGRESSIVE;
				GCC_WARN_UNUSED_FUNCTION = YES;
				GCC_WARN_UNUSED_VARIABLE = YES;
				IPHONEOS_DEPLOYMENT_TARGET = 17.0;
				LOCALIZATION_PREFERS_STRING_CATALOGS = YES;
				MTL_ENABLE_DEBUG_INFO = INCLUDE_SOURCE;
				MTL_FAST_MATH = YES;
				ONLY_ACTIVE_ARCH = YES;
				SDKROOT = iphoneos;
				SWIFT_ACTIVE_COMPILATION_CONDITIONS = "DEBUG $(inherited)";
				SWIFT_OPTIMIZATION_LEVEL = "-Onone";
			};
			name = Debug;
		};
		8FB6DBE82B126E6B007C3943 /* Release */ = {
			isa = XCBuildConfiguration;
			buildSettings = {
				ALWAYS_SEARCH_USER_PATHS = NO;
				ASSETCATALOG_COMPILER_GENERATE_SWIFT_ASSET_SYMBOL_EXTENSIONS = YES;
				CLANG_ANALYZER_NONNULL = YES;
				CLANG_ANALYZER_NUMBER_OBJECT_CONVERSION = YES_AGGRESSIVE;
				CLANG_CXX_LANGUAGE_STANDARD = "gnu++20";
				CLANG_ENABLE_MODULES = YES;
				CLANG_ENABLE_OBJC_ARC = YES;
				CLANG_ENABLE_OBJC_WEAK = YES;
				CLANG_WARN_BLOCK_CAPTURE_AUTORELEASING = YES;
				CLANG_WARN_BOOL_CONVERSION = YES;
				CLANG_WARN_COMMA = YES;
				CLANG_WARN_CONSTANT_CONVERSION = YES;
				CLANG_WARN_DEPRECATED_OBJC_IMPLEMENTATIONS = YES;
				CLANG_WARN_DIRECT_OBJC_ISA_USAGE = YES_ERROR;
				CLANG_WARN_DOCUMENTATION_COMMENTS = YES;
				CLANG_WARN_EMPTY_BODY = YES;
				CLANG_WARN_ENUM_CONVERSION = YES;
				CLANG_WARN_INFINITE_RECURSION = YES;
				CLANG_WARN_INT_CONVERSION = YES;
				CLANG_WARN_NON_LITERAL_NULL_CONVERSION = YES;
				CLANG_WARN_OBJC_IMPLICIT_RETAIN_SELF = YES;
				CLANG_WARN_OBJC_LITERAL_CONVERSION = YES;
				CLANG_WARN_OBJC_ROOT_CLASS = YES_ERROR;
				CLANG_WARN_QUOTED_INCLUDE_IN_FRAMEWORK_HEADER = YES;
				CLANG_WARN_RANGE_LOOP_ANALYSIS = YES;
				CLANG_WARN_STRICT_PROTOTYPES = YES;
				CLANG_WARN_SUSPICIOUS_MOVE = YES;
				CLANG_WARN_UNGUARDED_AVAILABILITY = YES_AGGRESSIVE;
				CLANG_WARN_UNREACHABLE_CODE = YES;
				CLANG_WARN__DUPLICATE_METHOD_MATCH = YES;
				COPY_PHASE_STRIP = NO;
				DEBUG_INFORMATION_FORMAT = "dwarf-with-dsym";
				ENABLE_NS_ASSERTIONS = NO;
				ENABLE_STRICT_OBJC_MSGSEND = YES;
				ENABLE_USER_SCRIPT_SANDBOXING = YES;
				GCC_C_LANGUAGE_STANDARD = gnu17;
				GCC_NO_COMMON_BLOCKS = YES;
				GCC_WARN_64_TO_32_BIT_CONVERSION = YES;
				GCC_WARN_ABOUT_RETURN_TYPE = YES_ERROR;
				GCC_WARN_UNDECLARED_SELECTOR = YES;
				GCC_WARN_UNINITIALIZED_AUTOS = YES_AGGRESSIVE;
				GCC_WARN_UNUSED_FUNCTION = YES;
				GCC_WARN_UNUSED_VARIABLE = YES;
				IPHONEOS_DEPLOYMENT_TARGET = 17.0;
				LOCALIZATION_PREFERS_STRING_CATALOGS = YES;
				MTL_ENABLE_DEBUG_INFO = NO;
				MTL_FAST_MATH = YES;
				SDKROOT = iphoneos;
				SWIFT_COMPILATION_MODE = wholemodule;
				VALIDATE_PRODUCT = YES;
			};
			name = Release;
		};
		8FB6DBEA2B126E6B007C3943 /* Debug */ = {
			isa = XCBuildConfiguration;
			buildSettings = {
				ASSETCATALOG_COMPILER_APPICON_NAME = AppIcon;
				ASSETCATALOG_COMPILER_GLOBAL_ACCENT_COLOR_NAME = AccentColor;
				CODE_SIGN_STYLE = Automatic;
				CURRENT_PROJECT_VERSION = 1;
				DEVELOPMENT_ASSET_PATHS = "\"ThoughtBank/Preview Content\"";
				DEVELOPMENT_TEAM = KYGTS4FW72;
				ENABLE_PREVIEWS = YES;
				GENERATE_INFOPLIST_FILE = YES;
				INFOPLIST_KEY_UIApplicationSceneManifest_Generation = YES;
				INFOPLIST_KEY_UIApplicationSupportsIndirectInputEvents = YES;
				INFOPLIST_KEY_UILaunchScreen_Generation = YES;
				INFOPLIST_KEY_UISupportedInterfaceOrientations_iPad = "UIInterfaceOrientationPortrait UIInterfaceOrientationPortraitUpsideDown UIInterfaceOrientationLandscapeLeft UIInterfaceOrientationLandscapeRight";
				INFOPLIST_KEY_UISupportedInterfaceOrientations_iPhone = "UIInterfaceOrientationPortrait UIInterfaceOrientationLandscapeLeft UIInterfaceOrientationLandscapeRight";
				LD_RUNPATH_SEARCH_PATHS = (
					"$(inherited)",
					"@executable_path/Frameworks",
				);
				MARKETING_VERSION = 1.0;
				PRODUCT_BUNDLE_IDENTIFIER = "for-fun.ThoughtBank";
				PRODUCT_NAME = "$(TARGET_NAME)";
				SWIFT_EMIT_LOC_STRINGS = YES;
				SWIFT_VERSION = 5.0;
				TARGETED_DEVICE_FAMILY = "1,2";
			};
			name = Debug;
		};
		8FB6DBEB2B126E6B007C3943 /* Release */ = {
			isa = XCBuildConfiguration;
			buildSettings = {
				ASSETCATALOG_COMPILER_APPICON_NAME = AppIcon;
				ASSETCATALOG_COMPILER_GLOBAL_ACCENT_COLOR_NAME = AccentColor;
				CODE_SIGN_STYLE = Automatic;
				CURRENT_PROJECT_VERSION = 1;
				DEVELOPMENT_ASSET_PATHS = "\"ThoughtBank/Preview Content\"";
				DEVELOPMENT_TEAM = KYGTS4FW72;
				ENABLE_PREVIEWS = YES;
				GENERATE_INFOPLIST_FILE = YES;
				INFOPLIST_KEY_UIApplicationSceneManifest_Generation = YES;
				INFOPLIST_KEY_UIApplicationSupportsIndirectInputEvents = YES;
				INFOPLIST_KEY_UILaunchScreen_Generation = YES;
				INFOPLIST_KEY_UISupportedInterfaceOrientations_iPad = "UIInterfaceOrientationPortrait UIInterfaceOrientationPortraitUpsideDown UIInterfaceOrientationLandscapeLeft UIInterfaceOrientationLandscapeRight";
				INFOPLIST_KEY_UISupportedInterfaceOrientations_iPhone = "UIInterfaceOrientationPortrait UIInterfaceOrientationLandscapeLeft UIInterfaceOrientationLandscapeRight";
				LD_RUNPATH_SEARCH_PATHS = (
					"$(inherited)",
					"@executable_path/Frameworks",
				);
				MARKETING_VERSION = 1.0;
				PRODUCT_BUNDLE_IDENTIFIER = "for-fun.ThoughtBank";
				PRODUCT_NAME = "$(TARGET_NAME)";
				SWIFT_EMIT_LOC_STRINGS = YES;
				SWIFT_VERSION = 5.0;
				TARGETED_DEVICE_FAMILY = "1,2";
			};
			name = Release;
		};
/* End XCBuildConfiguration section */

/* Begin XCConfigurationList section */
		8FB6DBD62B126E6A007C3943 /* Build configuration list for PBXProject "ThoughtBank" */ = {
			isa = XCConfigurationList;
			buildConfigurations = (
				8FB6DBE72B126E6B007C3943 /* Debug */,
				8FB6DBE82B126E6B007C3943 /* Release */,
			);
			defaultConfigurationIsVisible = 0;
			defaultConfigurationName = Release;
		};
		8FB6DBE92B126E6B007C3943 /* Build configuration list for PBXNativeTarget "ThoughtBank" */ = {
			isa = XCConfigurationList;
			buildConfigurations = (
				8FB6DBEA2B126E6B007C3943 /* Debug */,
				8FB6DBEB2B126E6B007C3943 /* Release */,
			);
			defaultConfigurationIsVisible = 0;
			defaultConfigurationName = Release;
		};
/* End XCConfigurationList section */

/* Begin XCRemoteSwiftPackageReference section */
		8FE875352B1C61D900FBF31E /* XCRemoteSwiftPackageReference "swift-algorithms" */ = {
			isa = XCRemoteSwiftPackageReference;
			repositoryURL = "https://github.com/apple/swift-algorithms.git";
			requirement = {
				kind = upToNextMajorVersion;
				minimumVersion = 1.2.0;
			};
		};
/* End XCRemoteSwiftPackageReference section */

/* Begin XCSwiftPackageProductDependency section */
		8FE875362B1C61D900FBF31E /* Algorithms */ = {
			isa = XCSwiftPackageProductDependency;
			package = 8FE875352B1C61D900FBF31E /* XCRemoteSwiftPackageReference "swift-algorithms" */;
			productName = Algorithms;
		};
/* End XCSwiftPackageProductDependency section */
	};
	rootObject = 8FB6DBD32B126E6A007C3943 /* Project object */;
}
